
Microsoft Visual Studio Solution File, Format Version 12.00
# Visual Studio Version 16
VisualStudioVersion = 16.0.30128.74
MinimumVisualStudioVersion = 10.0.40219.1
Project("{FAE04EC0-301F-11D3-BF4B-00C04F79EFBC}") = "SRWBPostpaidPayments", "SRWBPostpaidPayments\SRWBPostpaidPayments.csproj", "{B5F31DBF-42A1-4A58-AFCF-1AA4C3FA3DBF}"
EndProject
Global
	GlobalSection(SolutionConfigurationPlatforms) = preSolution
		Debug|Any CPU = Debug|Any CPU
		Release|Any CPU = Release|Any CPU
	EndGlobalSection
	GlobalSection(ProjectConfigurationPlatforms) = postSolution
		{B5F31DBF-42A1-4A58-AFCF-1AA4C3FA3DBF}.Debug|Any CPU.ActiveCfg = Debug|Any CPU
		{B5F31DBF-42A1-4A58-AFCF-1AA4C3FA3DBF}.Debug|Any CPU.Build.0 = Debug|Any CPU
		{B5F31DBF-42A1-4A58-AFCF-1AA4C3FA3DBF}.Release|Any CPU.ActiveCfg = Release|Any CPU
		{B5F31DBF-42A1-4A58-AFCF-1AA4C3FA3DBF}.Release|Any CPU.Build.0 = Release|Any CPU
	EndGlobalSection
	GlobalSection(SolutionProperties) = preSolution
		HideSolutionNode = FALSE
	EndGlobalSection
	GlobalSection(ExtensibilityGlobals) = postSolution
		SolutionGuid = {E2142A86-76EC-4D20-BF44-1D0C9AD8350A}
	EndGlobalSection
EndGlobal
